github.com/carlmjohnson/requests v0.26.1 h1:kFt5j1XsynNKoladW2qJdP9S+UdigvGLW+53DXbN5F4=
github.com/carlmjohnson/requests v0.26.1/go.mod h1:qMGUsG9/8MbvYRMGwvMBVSQQmRswVcVMAzexVyy038g=
github.com/coder/websocket v1.8.15 h1:6B2JPeOGlpff2Uz6vOEH1Vzpi0iUz20A+lPVhPHtNUA=
github.com/coder/websocket v1.8.15/go.mod h1:NX3SzP+inril6yawo5CQXx8+fk145lPDC6pumgx0mVg=
golang.org/x/net v0.58.0 h1:ynWG7rqYi4ccpTEuPZ2QGWHktVEM9DMCj9yzDE0Q7To=
golang.org/x/net v0.58.0/go.mod h1:YwCddHnFlT7eLQqVprV19OnhLGtc5xOKgE0RyqgfWAU=
